
Microsoft Visual Studio Solution File, Format Version 12.00
Project("{FAE04EC0-301F-11D3-BF4B-00C04F79EFBC}") = "CorundumGames.Codegen.Redux", "CorundumGames.Codegen.Redux\CorundumGames.Codegen.Redux.csproj", "{8BB142C2-B809-4B23-A75C-5CD3D7D2487A}"
EndProject
Global
	GlobalSection(SolutionConfigurationPlatforms) = preSolution
		Debug|Any CPU = Debug|Any CPU
		Release|Any CPU = Release|Any CPU
	EndGlobalSection
	GlobalSection(ProjectConfigurationPlatforms) = postSolution
		{8BB142C2-B809-4B23-A75C-5CD3D7D2487A}.Debug|Any CPU.ActiveCfg = Debug|Any CPU
		{8BB142C2-B809-4B23-A75C-5CD3D7D2487A}.Debug|Any CPU.Build.0 = Debug|Any CPU
		{8BB142C2-B809-4B23-A75C-5CD3D7D2487A}.Release|Any CPU.ActiveCfg = Release|Any CPU
		{8BB142C2-B809-4B23-A75C-5CD3D7D2487A}.Release|Any CPU.Build.0 = Release|Any CPU
	EndGlobalSection
EndGlobal
